<?xml version="1.0" encoding="utf-8"?>
<Project ToolsVersion="4.0" xmlns="http://schemas.microsoft.com/developer/msbuild/2003">
  <ItemGroup>
    <Filter Include="Файлы исходного кода">
      <UniqueIdentifier>{4FC737F1-C7A5-4376-A066-2A32D752A2FF}</UniqueIdentifier>
      <Extensions>cpp;c;cc;cxx;def;odl;idl;hpj;bat;asm;asmx</Extensions>
    </Filter>
    <Filter Include="Заголовочные файлы">
      <UniqueIdentifier>{93995380-89BD-4b04-88EB-625FBE52EBFB}</UniqueIdentifier>
      <Extensions>h;hh;hpp;hxx;hm;inl;inc;xsd</Extensions>
    </Filter>
    <Filter Include="Файлы ресурсов">
      <UniqueIdentifier>{67DA6AB6-F800-4c08-8B7A-83BB121AAD01}</UniqueIdentifier>
      <Extensions>rc;ico;cur;bmp;dlg;rc2;rct;bin;rgs;gif;jpg;jpeg;jpe;resx;tiff;tif;png;wav;mfcribbon-ms</Extensions>
    </Filter>
    <Filter Include="Заголовочные файлы\Controllers">
      <UniqueIdentifier>{d5a3353b-9d31-4da5-939e-4fa7a1f8e507}</UniqueIdentifier>
    </Filter>
    <Filter Include="Файлы исходного кода\Controllers">
      <UniqueIdentifier>{8366f54c-7319-4a0b-aba4-8e90b5cef46f}</UniqueIdentifier>
    </Filter>
    <Filter Include="Заголовочные файлы\BankingComponents">
      <UniqueIdentifier>{087de0f5-e24e-4011-8037-b4e908d955bf}</UniqueIdentifier>
    </Filter>
    <Filter Include="Файлы исходного кода\BankingComponents">
      <UniqueIdentifier>{5c610dde-cc78-4c99-9b52-5c71c086dd61}</UniqueIdentifier>
    </Filter>
    <Filter Include="Заголовочные файлы\BankingComponents\Persons">
      <UniqueIdentifier>{6d3ae429-fb14-4f45-a753-02d524471631}</UniqueIdentifier>
    </Filter>
    <Filter Include="Файлы исходного кода\BankingComponents\Persons">
      <UniqueIdentifier>{a685e3fb-36fb-44ef-bcb1-8a31beca08d4}</UniqueIdentifier>
    </Filter>
  </ItemGroup>
  <ItemGroup>
    <Text Include="ReadMe.txt" />
  </ItemGroup>
  <ItemGroup>
    <ClInclude Include="stdafx.h">
      <Filter>Заголовочные файлы</Filter>
    </ClInclude>
    <ClInclude Include="targetver.h">
      <Filter>Заголовочные файлы</Filter>
    </ClInclude>
    <ClInclude Include="BankingController.h">
      <Filter>Заголовочные файлы\Controllers</Filter>
    </ClInclude>
    <ClInclude Include="Bank.h">
      <Filter>Заголовочные файлы\BankingComponents</Filter>
    </ClInclude>
    <ClInclude Include="UI.h">
      <Filter>Заголовочные файлы</Filter>
    </ClInclude>
    <ClInclude Include="Client.h">
      <Filter>Заголовочные файлы\BankingComponents</Filter>
    </ClInclude>
    <ClInclude Include="LegalPerson.h">
      <Filter>Заголовочные файлы\BankingComponents\Persons</Filter>
    </ClInclude>
    <ClInclude Include="PrivatePerson.h">
      <Filter>Заголовочные файлы\BankingComponents\Persons</Filter>
    </ClInclude>
    <ClInclude Include="Account.h">
      <Filter>Заголовочные файлы\BankingComponents</Filter>
    </ClInclude>
  </ItemGroup>
  <ItemGroup>
    <ClCompile Include="stdafx.cpp">
      <Filter>Файлы исходного кода</Filter>
    </ClCompile>
    <ClCompile Include="Program.cpp">
      <Filter>Файлы исходного кода</Filter>
    </ClCompile>
    <ClCompile Include="BankingController.cpp">
      <Filter>Файлы исходного кода\Controllers</Filter>
    </ClCompile>
    <ClCompile Include="Bank.cpp">
      <Filter>Файлы исходного кода\BankingComponents</Filter>
    </ClCompile>
    <ClCompile Include="UI.cpp">
      <Filter>Файлы исходного кода\Controllers</Filter>
    </ClCompile>
    <ClCompile Include="Client.cpp">
      <Filter>Файлы исходного кода\BankingComponents</Filter>
    </ClCompile>
    <ClCompile Include="LegalPerson.cpp">
      <Filter>Файлы исходного кода\BankingComponents\Persons</Filter>
    </ClCompile>
    <ClCompile Include="PrivatePerson.cpp">
      <Filter>Файлы исходного кода\BankingComponents\Persons</Filter>
    </ClCompile>
    <ClCompile Include="Account.cpp">
      <Filter>Файлы исходного кода\BankingComponents</Filter>
    </ClCompile>
  </ItemGroup>
</Project>